
Microsoft Visual Studio Solution File, Format Version 12.00
# Visual Studio Version 17
VisualStudioVersion = 17.11.35312.102
MinimumVisualStudioVersion = 10.0.40219.1
Project("{FAE04EC0-301F-11D3-BF4B-00C04F79EFBC}") = "WebApiPeliculas", "WebApiPeliculas\WebApiPeliculas.csproj", "{9E2EF9CE-D0F0-4B04-989F-EF7CA4C1A1ED}"
EndProject
Global
	GlobalSection(SolutionConfigurationPlatforms) = preSolution
		Debug|Any CPU = Debug|Any CPU
		Release|Any CPU = Release|Any CPU
	EndGlobalSection
	GlobalSection(ProjectConfigurationPlatforms) = postSolution
		{9E2EF9CE-D0F0-4B04-989F-EF7CA4C1A1ED}.Debug|Any CPU.ActiveCfg = Debug|Any CPU
		{9E2EF9CE-D0F0-4B04-989F-EF7CA4C1A1ED}.Debug|Any CPU.Build.0 = Debug|Any CPU
		{9E2EF9CE-D0F0-4B04-989F-EF7CA4C1A1ED}.Release|Any CPU.ActiveCfg = Release|Any CPU
		{9E2EF9CE-D0F0-4B04-989F-EF7CA4C1A1ED}.Release|Any CPU.Build.0 = Release|Any CPU
	EndGlobalSection
	GlobalSection(SolutionProperties) = preSolution
		HideSolutionNode = FALSE
	EndGlobalSection
	GlobalSection(ExtensibilityGlobals) = postSolution
		SolutionGuid = {3EEEE35F-FCB4-468A-A4AC-12B4481BD3E1}
	EndGlobalSection
EndGlobal
